
Microsoft Visual Studio Solution File, Format Version 12.00
Project("{FAE04EC0-301F-11D3-BF4B-00C04F79EFBC}") = "FarmerApp.Api", "FarmerApp.Api\FarmerApp.Api.csproj", "{15B8D9E9-B677-4698-BC65-450B4E904457}"
EndProject
Global
	GlobalSection(SolutionConfigurationPlatforms) = preSolution
		Debug|Any CPU = Debug|Any CPU
		Release|Any CPU = Release|Any CPU
	EndGlobalSection
	GlobalSection(ProjectConfigurationPlatforms) = postSolution
		{15B8D9E9-B677-4698-BC65-450B4E904457}.Debug|Any CPU.ActiveCfg = Debug|Any CPU
		{15B8D9E9-B677-4698-BC65-450B4E904457}.Debug|Any CPU.Build.0 = Debug|Any CPU
		{15B8D9E9-B677-4698-BC65-450B4E904457}.Release|Any CPU.ActiveCfg = Release|Any CPU
		{15B8D9E9-B677-4698-BC65-450B4E904457}.Release|Any CPU.Build.0 = Release|Any CPU
	EndGlobalSection
EndGlobal
